// !$*UTF8*$!
{
	archiveVersion = 1;
	classes = {
	};
	objectVersion = 46;
	objects = {

/* Begin PBXBuildFile section */
		E6642A231F0B6FEF0096F7DC /* AppDelegate.swift in Sources */ = {isa = PBXBuildFile; fileRef = E6642A221F0B6FEF0096F7DC /* AppDelegate.swift */; };
		E6642A291F0B6FF00096F7DC /* GameScene.swift in Sources */ = {isa = PBXBuildFile; fileRef = E6642A281F0B6FF00096F7DC /* GameScene.swift */; };
		E6642A2B1F0B6FF00096F7DC /* GameViewController.swift in Sources */ = {isa = PBXBuildFile; fileRef = E6642A2A1F0B6FF00096F7DC /* GameViewController.swift */; };
		E6642A2E1F0B6FF00096F7DC /* Main.storyboard in Resources */ = {isa = PBXBuildFile; fileRef = E6642A2C1F0B6FF00096F7DC /* Main.storyboard */; };
		E6642A301F0B6FF00096F7DC /* Assets.xcassets in Resources */ = {isa = PBXBuildFile; fileRef = E6642A2F1F0B6FF00096F7DC /* Assets.xcassets */; };
		E6642A331F0B6FF00096F7DC /* LaunchScreen.storyboard in Resources */ = {isa = PBXBuildFile; fileRef = E6642A311F0B6FF00096F7DC /* LaunchScreen.storyboard */; };
		E6642A3B1F0B7CE60096F7DC /* player.atlas in Resources */ = {isa = PBXBuildFile; fileRef = E6642A3A1F0B7CE60096F7DC /* player.atlas */; };
/* End PBXBuildFile section */

/* Begin PBXFileReference section */
		E6642A1F1F0B6FEF0096F7DC /* FlappyBird.app */ = {isa = PBXFileReference; explicitFileType = wrapper.application; includeInIndex = 0; path = FlappyBird.app; sourceTree = BUILT_PRODUCTS_DIR; };
		E6642A221F0B6FEF0096F7DC /* AppDelegate.swift */ = {isa = PBXFileReference; lastKnownFileType = sourcecode.swift; path = AppDelegate.swift; sourceTree = "<group>"; };
		E6642A281F0B6FF00096F7DC /* GameScene.swift */ = {isa = PBXFileReference; lastKnownFileType = sourcecode.swift; path = GameScene.swift; sourceTree = "<group>"; };
		E6642A2A1F0B6FF00096F7DC /* GameViewController.swift */ = {isa = PBXFileReference; lastKnownFileType = sourcecode.swift; path = GameViewController.swift; sourceTree = "<group>"; };
		E6642A2D1F0B6FF00096F7DC /* Base */ = {isa = PBXFileReference; lastKnownFileType = file.storyboard; name = Base; path = Base.lproj/Main.storyboard; sourceTree = "<group>"; };
		E6642A2F1F0B6FF00096F7DC /* Assets.xcassets */ = {isa = PBXFileReference; lastKnownFileType = folder.assetcatalog; path = Assets.xcassets; sourceTree = "<group>"; };
		E6642A321F0B6FF00096F7DC /* Base */ = {isa = PBXFileReference; lastKnownFileType = file.storyboard; name = Base; path = Base.lproj/LaunchScreen.storyboard; sourceTree = "<group>"; };
		E6642A341F0B6FF00096F7DC /* Info.plist */ = {isa = PBXFileReference; lastKnownFileType = text.plist.xml; path = Info.plist; sourceTree = "<group>"; };
		E6642A3A1F0B7CE60096F7DC /* player.atlas */ = {isa = PBXFileReference; lastKnownFileType = folder.skatlas; path = player.atlas; sourceTree = "<group>"; };
/* End PBXFileReference section */

/* Begin PBXFrameworksBuildPhase section */
		E6642A1C1F0B6FEF0096F7DC /* Frameworks */ = {
			isa = PBXFrameworksBuildPhase;
			buildActionMask = 2147483647;
			files = (
			);
			runOnlyForDeploymentPostprocessing = 0;
		};
/* End PBXFrameworksBuildPhase section */

/* Begin PBXGroup section */
		E6642A161F0B6FEF0096F7DC = {
			isa = PBXGroup;
			children = (
				E6642A211F0B6FEF0096F7DC /* FlappyBird */,
				E6642A201F0B6FEF0096F7DC /* Products */,
			);
			sourceTree = "<group>";
		};
		E6642A201F0B6FEF0096F7DC /* Products */ = {
			isa = PBXGroup;
			children = (
				E6642A1F1F0B6FEF0096F7DC /* FlappyBird.app */,
			);
			name = Products;
			sourceTree = "<group>";
		};
		E6642A211F0B6FEF0096F7DC /* FlappyBird */ = {
			isa = PBXGroup;
			children = (
				E6642A221F0B6FEF0096F7DC /* AppDelegate.swift */,
				E6642A281F0B6FF00096F7DC /* GameScene.swift */,
				E6642A2A1F0B6FF00096F7DC /* GameViewController.swift */,
				E6642A3A1F0B7CE60096F7DC /* player.atlas */,
				E6642A2C1F0B6FF00096F7DC /* Main.storyboard */,
				E6642A2F1F0B6FF00096F7DC /* Assets.xcassets */,
				E6642A311F0B6FF00096F7DC /* LaunchScreen.storyboard */,
				E6642A341F0B6FF00096F7DC /* Info.plist */,
			);
			path = FlappyBird;
			sourceTree = "<group>";
		};
/* End PBXGroup section */

/* Begin PBXNativeTarget section */
		E6642A1E1F0B6FEF0096F7DC /* FlappyBird */ = {
			isa = PBXNativeTarget;
			buildConfigurationList = E6642A371F0B6FF00096F7DC /* Build configuration list for PBXNativeTarget "FlappyBird" */;
			buildPhases = (
				E6642A1B1F0B6FEF0096F7DC /* Sources */,
				E6642A1C1F0B6FEF0096F7DC /* Frameworks */,
				E6642A1D1F0B6FEF0096F7DC /* Resources */,
			);
			buildRules = (
			);
			dependencies = (
			);
			name = FlappyBird;
			productName = FlappyBird;
			productReference = E6642A1F1F0B6FEF0096F7DC /* FlappyBird.app */;
			productType = "com.apple.product-type.application";
		};
/* End PBXNativeTarget section */

/* Begin PBXProject section */
		E6642A171F0B6FEF0096F7DC /* Project object */ = {
			isa = PBXProject;
			attributes = {
				LastSwiftUpdateCheck = 0830;
				LastUpgradeCheck = 0830;
				TargetAttributes = {
					E6642A1E1F0B6FEF0096F7DC = {
						CreatedOnToolsVersion = 8.3.3;
						ProvisioningStyle = Automatic;
					};
				};
			};
			buildConfigurationList = E6642A1A1F0B6FEF0096F7DC /* Build configuration list for PBXProject "FlappyBird" */;
			compatibilityVersion = "Xcode 3.2";
			developmentRegion = English;
			hasScannedForEncodings = 0;
			knownRegions = (
				en,
				Base,
			);
			mainGroup = E6642A161F0B6FEF0096F7DC;
			productRefGroup = E6642A201F0B6FEF0096F7DC /* Products */;
			projectDirPath = "";
			projectRoot = "";
			targets = (
				E6642A1E1F0B6FEF0096F7DC /* FlappyBird */,
			);
		};
/* End PBXProject section */

/* Begin PBXResourcesBuildPhase section */
		E6642A1D1F0B6FEF0096F7DC /* Resources */ = {
			isa = PBXResourcesBuildPhase;
			buildActionMask = 2147483647;
			files = (
				E6642A3B1F0B7CE60096F7DC /* player.atlas in Resources */,
				E6642A2E1F0B6FF00096F7DC /* Main.storyboard in Resources */,
				E6642A301F0B6FF00096F7DC /* Assets.xcassets in Resources */,
				E6642A331F0B6FF00096F7DC /* LaunchScreen.storyboard in Resources */,
			);
			runOnlyForDeploymentPostprocessing = 0;
		};
/* End PBXResourcesBuildPhase section */

/* Begin PBXSourcesBuildPhase section */
		E6642A1B1F0B6FEF0096F7DC /* Sources */ = {
			isa = PBXSourcesBuildPhase;
			buildActionMask = 2147483647;
			files = (
				E6642A291F0B6FF00096F7DC /* GameScene.swift in Sources */,
				E6642A2B1F0B6FF00096F7DC /* GameViewController.swift in Sources */,
				E6642A231F0B6FEF0096F7DC /* AppDelegate.swift in Sources */,
			);
			runOnlyForDeploymentPostprocessing = 0;
		};
/* End PBXSourcesBuildPhase section */

/* Begin PBXVariantGroup section */
		E6642A2C1F0B6FF00096F7DC /* Main.storyboard */ = {
			isa = PBXVariantGroup;
			children = (
				E6642A2D1F0B6FF00096F7DC /* Base */,
			);
			name = Main.storyboard;
			sourceTree = "<group>";
		};
		E6642A311F0B6FF00096F7DC /* LaunchScreen.storyboard */ = {
			isa = PBXVariantGroup;
			children = (
				E6642A321F0B6FF00096F7DC /* Base */,
			);
			name = LaunchScreen.storyboard;
			sourceTree = "<group>";
		};
/* End PBXVariantGroup section */

/* Begin XCBuildConfiguration section */
		E6642A351F0B6FF00096F7DC /* Debug */ = {
			isa = XCBuildConfiguration;
			buildSettings = {
				ALWAYS_SEARCH_USER_PATHS = NO;
				CLANG_ANALYZER_NONNULL = YES;
				CLANG_ANALYZER_NUMBER_OBJECT_CONVERSION = YES_AGGRESSIVE;
				CLANG_CXX_LANGUAGE_STANDARD = "gnu++0x";
				CLANG_CXX_LIBRARY = "libc++";
				CLANG_ENABLE_MODULES = YES;
				CLANG_ENABLE_OBJC_ARC = YES;
				CLANG_WARN_BOOL_CONVERSION = YES;
				CLANG_WARN_CONSTANT_CONVERSION = YES;
				CLANG_WARN_DIRECT_OBJC_ISA_USAGE = YES_ERROR;
				CLANG_WARN_DOCUMENTATION_COMMENTS = YES;
				CLANG_WARN_EMPTY_BODY = YES;
				CLANG_WARN_ENUM_CONVERSION = YES;
				CLANG_WARN_INFINITE_RECURSION = YES;
				CLANG_WARN_INT_CONVERSION = YES;
				CLANG_WARN_OBJC_ROOT_CLASS = YES_ERROR;
				CLANG_WARN_SUSPICIOUS_MOVE = YES;
				CLANG_WARN_UNREACHABLE_CODE = YES;
				CLANG_WARN__DUPLICATE_METHOD_MATCH = YES;
				"CODE_SIGN_IDENTITY[sdk=iphoneos*]" = "iPhone Developer";
				COPY_PHASE_STRIP = NO;
				DEBUG_INFORMATION_FORMAT = dwarf;
				ENABLE_STRICT_OBJC_MSGSEND = YES;
				ENABLE_TESTABILITY = YES;
				GCC_C_LANGUAGE_STANDARD = gnu99;
				GCC_DYNAMIC_NO_PIC = NO;
				GCC_NO_COMMON_BLOCKS = YES;
				GCC_OPTIMIZATION_LEVEL = 0;
				GCC_PREPROCESSOR_DEFINITIONS = (
					"DEBUG=1",
					"$(inherited)",
				);
				GCC_WARN_64_TO_32_BIT_CONVERSION = YES;
				GCC_WARN_ABOUT_RETURN_TYPE = YES_ERROR;
				GCC_WARN_UNDECLARED_SELECTOR = YES;
				GCC_WARN_UNINITIALIZED_AUTOS = YES_AGGRESSIVE;
				GCC_WARN_UNUSED_FUNCTION = YES;
				GCC_WARN_UNUSED_VARIABLE = YES;
				IPHONEOS_DEPLOYMENT_TARGET = 10.3;
				MTL_ENABLE_DEBUG_INFO = YES;
				ONLY_ACTIVE_ARCH = YES;
				SDKROOT = iphoneos;
				SWIFT_ACTIVE_COMPILATION_CONDITIONS = DEBUG;
				SWIFT_OPTIMIZATION_LEVEL = "-Onone";
			};
			name = Debug;
		};
		E6642A361F0B6FF00096F7DC /* Release */ = {
			isa = XCBuildConfiguration;
			buildSettings = {
				ALWAYS_SEARCH_USER_PATHS = NO;
				CLANG_ANALYZER_NONNULL = YES;
				CLANG_ANALYZER_NUMBER_OBJECT_CONVERSION = YES_AGGRESSIVE;
				CLANG_CXX_LANGUAGE_STANDARD = "gnu++0x";
				CLANG_CXX_LIBRARY = "libc++";
				CLANG_ENABLE_MODULES = YES;
				CLANG_ENABLE_OBJC_ARC = YES;
				CLANG_WARN_BOOL_CONVERSION = YES;
				CLANG_WARN_CONSTANT_CONVERSION = YES;
				CLANG_WARN_DIRECT_OBJC_ISA_USAGE = YES_ERROR;
				CLANG_WARN_DOCUMENTATION_COMMENTS = YES;
				CLANG_WARN_EMPTY_BODY = YES;
				CLANG_WARN_ENUM_CONVERSION = YES;
				CLANG_WARN_INFINITE_RECURSION = YES;
				CLANG_WARN_INT_CONVERSION = YES;
				CLANG_WARN_OBJC_ROOT_CLASS = YES_ERROR;
				CLANG_WARN_SUSPICIOUS_MOVE = YES;
				CLANG_WARN_UNREACHABLE_CODE = YES;
				CLANG_WARN__DUPLICATE_METHOD_MATCH = YES;
				"CODE_SIGN_IDENTITY[sdk=iphoneos*]" = "iPhone Developer";
				COPY_PHASE_STRIP = NO;
				DEBUG_INFORMATION_FORMAT = "dwarf-with-dsym";
				ENABLE_NS_ASSERTIONS = NO;
				ENABLE_STRICT_OBJC_MSGSEND = YES;
				GCC_C_LANGUAGE_STANDARD = gnu99;
				GCC_NO_COMMON_BLOCKS = YES;
				GCC_WARN_64_TO_32_BIT_CONVERSION = YES;
				GCC_WARN_ABOUT_RETURN_TYPE = YES_ERROR;
				GCC_WARN_UNDECLARED_SELECTOR = YES;
				GCC_WARN_UNINITIALIZED_AUTOS = YES_AGGRESSIVE;
				GCC_WARN_UNUSED_FUNCTION = YES;
				GCC_WARN_UNUSED_VARIABLE = YES;
				IPHONEOS_DEPLOYMENT_TARGET = 10.3;
				MTL_ENABLE_DEBUG_INFO = NO;
				SDKROOT = iphoneos;
				SWIFT_OPTIMIZATION_LEVEL = "-Owholemodule";
				VALIDATE_PRODUCT = YES;
			};
			name = Release;
		};
		E6642A381F0B6FF00096F7DC /* Debug */ = {
			isa = XCBuildConfiguration;
			buildSettings = {
				ASSETCATALOG_COMPILER_APPICON_NAME = AppIcon;
				INFOPLIST_FILE = FlappyBird/Info.plist;
				LD_RUNPATH_SEARCH_PATHS = "$(inherited) @executable_path/Frameworks";
				PRODUCT_BUNDLE_IDENTIFIER = WH.FlappyBird;
				PRODUCT_NAME = "$(TARGET_NAME)";
				SWIFT_VERSION = 3.0;
			};
			name = Debug;
		};
		E6642A391F0B6FF00096F7DC /* Release */ = {
			isa = XCBuildConfiguration;
			buildSettings = {
				ASSETCATALOG_COMPILER_APPICON_NAME = AppIcon;
				INFOPLIST_FILE = FlappyBird/Info.plist;
				LD_RUNPATH_SEARCH_PATHS = "$(inherited) @executable_path/Frameworks";
				PRODUCT_BUNDLE_IDENTIFIER = WH.FlappyBird;
				PRODUCT_NAME = "$(TARGET_NAME)";
				SWIFT_VERSION = 3.0;
			};
			name = Release;
		};
/* End XCBuildConfiguration section */

/* Begin XCConfigurationList section */
		E6642A1A1F0B6FEF0096F7DC /* Build configuration list for PBXProject "FlappyBird" */ = {
			isa = XCConfigurationList;
			buildConfigurations = (
				E6642A351F0B6FF00096F7DC /* Debug */,
				E6642A361F0B6FF00096F7DC /* Release */,
			);
			defaultConfigurationIsVisible = 0;
			defaultConfigurationName = Release;
		};
		E6642A371F0B6FF00096F7DC /* Build configuration list for PBXNativeTarget "FlappyBird" */ = {
			isa = XCConfigurationList;
			buildConfigurations = (
				E6642A381F0B6FF00096F7DC /* Debug */,
				E6642A391F0B6FF00096F7DC /* Release */,
			);
			defaultConfigurationIsVisible = 0;
		};
/* End XCConfigurationList section */
	};
	rootObject = E6642A171F0B6FEF0096F7DC /* Project object */;
}
